
Microsoft Visual Studio Solution File, Format Version 12.00
# Visual Studio Version 17
VisualStudioVersion = 17.7.34003.232
MinimumVisualStudioVersion = 10.0.40219.1
Project("{FAE04EC0-301F-11D3-BF4B-00C04F79EFBC}") = "WebApp", "WebApp\WebApp.csproj", "{6AF9F576-A105-4F42-B7DF-5CA370333079}"
EndProject
Global
	GlobalSection(SolutionConfigurationPlatforms) = preSolution
		Debug|Any CPU = Debug|Any CPU
		Release|Any CPU = Release|Any CPU
	EndGlobalSection
	GlobalSection(ProjectConfigurationPlatforms) = postSolution
		{6AF9F576-A105-4F42-B7DF-5CA370333079}.Debug|Any CPU.ActiveCfg = Debug|Any CPU
		{6AF9F576-A105-4F42-B7DF-5CA370333079}.Debug|Any CPU.Build.0 = Debug|Any CPU
		{6AF9F576-A105-4F42-B7DF-5CA370333079}.Release|Any CPU.ActiveCfg = Release|Any CPU
		{6AF9F576-A105-4F42-B7DF-5CA370333079}.Release|Any CPU.Build.0 = Release|Any CPU
	EndGlobalSection
	GlobalSection(SolutionProperties) = preSolution
		HideSolutionNode = FALSE
	EndGlobalSection
	GlobalSection(ExtensibilityGlobals) = postSolution
		SolutionGuid = {96762950-C633-4F4E-8407-0C9769BB28C2}
	EndGlobalSection
EndGlobal
